# This file was autogenerated by Stack.
# You should not edit this file by hand.
# For more information, please see the documentation at:
#   https://docs.haskellstack.org/en/stable/lock_files

packages:
- completed:
    hackage: dir-traverse-0.2.3.0@sha256:adcc128f201ff95131b15ffe41365dc99c50dc3fa3a910f021521dc734013bfa,2137
    pantry-tree:
      sha256: b19f0562746dfd0f8f21eccab6584592f55fb781ca3e043da9132cc23d8a5b99
      size: 389
  original:
    hackage: dir-traverse-0.2.3.0
- completed:
    commit: 472960fc04a825308445cc21a8dc019d0291236d
    git: https://gitlab.com/mavryk-network/mavryk-morley-debugger.git
    name: morley-debugger
    pantry-tree:
      sha256: dc57b51533fd1d81e86ca27b2534620bbdf73349493cf15ecdac9bf9be28c5a1
      size: 12751
    version: 0.4.0
  original:
    commit: 472960fc04a825308445cc21a8dc019d0291236d
    git: https://gitlab.com/mavryk-network/mavryk-morley-debugger.git
- completed:
    hackage: base58-bytestring-0.1.0@sha256:a1da72ee89d5450bac1c792d9fcbe95ed7154ab7246f2172b57bd4fd9b5eab79,1913
    pantry-tree:
      sha256: 053784f8edef6433518c873a7c502dc75348f812e2384e1306f90467ea54f40b
      size: 419
  original:
    hackage: base58-bytestring-0.1.0
- completed:
    hackage: monad-stm-0.1.0.2@sha256:68c509a631cbb2f49c3e8b37527d281e6fdafbedac63a4c6fa69c98f4e0b2506,1732
    pantry-tree:
      sha256: b9766739e8a87b3a8d34350673e49927fa4fcde5710b573d748b2d0cd5892cea
      size: 219
  original:
    hackage: monad-stm-0.1.0.2
- completed:
    commit: e2b514e3f62489b2dbcef44235c194e054fc03d9
    git: https://github.com/serokell/base-noprelude.git
    name: base-noprelude
    pantry-tree:
      sha256: 532ac7da66097f8fcd0715ca3dbe813bc43515551a073100b21fa39c23d430b6
      size: 823
    version: 4.17.1.0
  original:
    commit: e2b514e3f62489b2dbcef44235c194e054fc03d9
    git: https://github.com/serokell/base-noprelude.git
- completed:
    commit: 50d5a452d2c78669301c560f091db9f77b6e78d0
    git: https://github.com/serokell/OddWord.git
    name: OddWord
    pantry-tree:
      sha256: 84471f6f3785c5dd35a53fc05b3441ac85e5f8c15b566b4cc49ab67648d1ad32
      size: 525
    version: 2.0.0.0
  original:
    commit: 50d5a452d2c78669301c560f091db9f77b6e78d0
    git: https://github.com/serokell/OddWord.git
- completed:
    hackage: bitvec-1.1.4.0@sha256:8991eec6409f181bd6ccb20e24ac759659940170cd00ca530ec7dd5ffa4f30fc,4297
    pantry-tree:
      sha256: 5710b5c1e0cbaeddcd2f0f7acaa9157e126c02bb6497f58d6229085ec91573ae
      size: 2384
  original:
    hackage: bitvec-1.1.4.0
- completed:
    hackage: colourista-0.1.0.2@sha256:5ec83f3ff93aa46e54d2a35ad648547ca6b563442e6e57536a664fd2a068088d,3364
    pantry-tree:
      sha256: 23f8fe390357371d9dceb5cb9aaa816ea835157368c3e1b9aedbd90063fe514f
      size: 572
  original:
    hackage: colourista-0.1.0.2
- completed:
    hackage: named-0.3.0.1@sha256:2eec32926de057525d072959d371a2c30aec24e4fb893f9a2e376ad93a361b7a,2338
    pantry-tree:
      sha256: 40f4536ae05705427120d7f57fa2948236881543cd01786aa736b37d518ae01f
      size: 426
  original:
    hackage: named-0.3.0.1
- completed:
    hackage: int-cast-0.2.0.0@sha256:bc0f46a1839bcaa5e5e4991594d552e4590a9b0e9ab404d311aa92bb29d4db87,1856
    pantry-tree:
      sha256: 528bb40e73f0ab30b3a66b3baaef3736ebc3e2391252494ba4c632369daae6f3
      size: 316
  original:
    hackage: int-cast-0.2.0.0@rev:6
- completed:
    hackage: hsblst-0.0.2@sha256:32cad173138a2f3800b6f1c6d320b655a220b6f4bebbd6643ddda08346257291,9752
    pantry-tree:
      sha256: 87308aaa10cfd2719d36bc409fcaca0bfef97623e60d92898fa47265979b44af
      size: 9273
  original:
    hackage: hsblst-0.0.2
- completed:
    hackage: dependent-sum-template-0.1.1.1@sha256:f3789e58ec1b0b91fbe4009708b3c6c5e34975a4059073eb855a0fe8ff287bd8,1847
    pantry-tree:
      sha256: f22ce42e4c26be1548047fc51214ce158f5672d630b9ce260513b8b9bcfc2a9f
      size: 436
  original:
    hackage: dependent-sum-template-0.1.1.1
- completed:
    hackage: th-extras-0.0.0.6@sha256:3d02574efac38555d37e56efa1561ba4f25bd559b6a200f3588bf8a99edb016d,1646
    pantry-tree:
      sha256: 9bf9a802a9f7d1a0ce09d275cdbd499c09a6f44e13ae76b9e4af771d85cbed7c
      size: 282
  original:
    hackage: th-extras-0.0.0.6@rev:1
- completed:
    hackage: vector-sized-1.5.0@sha256:1c85b70dbfe6fbdcc58d2706c626e6e38d1900276bbb6f1ba6cfee83941f45e6,1836
    pantry-tree:
      sha256: 026c260a2c1c6b2deab166dcbeb8888eb284d7e9e73ab837d88d530933929588
      size: 1302
  original:
    hackage: vector-sized-1.5.0
- completed:
    commit: 416de88696e0da147e39892b0889161f8c5a197f
    git: https://gitlab.com/mavryk-network/morley.git
    name: morley-prelude
    pantry-tree:
      sha256: 8f713f6e88dcb72ad3e4219c292bd79f4514c2b54b248c702c2303c3b6ae865c
      size: 1076
    subdir: code/morley-prelude
    version: 0.6.0
  original:
    commit: 416de88696e0da147e39892b0889161f8c5a197f
    git: https://gitlab.com/mavryk-network/morley.git
    subdir: code/morley-prelude
- completed:
    commit: 416de88696e0da147e39892b0889161f8c5a197f
    git: https://gitlab.com/mavryk-network/morley.git
    name: morley
    pantry-tree:
      sha256: f3e36d682153c3d27d3942968ef35a21bad8bb6ab69d737d3ac228a557d46d90
      size: 14368
    subdir: code/morley
    version: 1.20.0
  original:
    commit: 416de88696e0da147e39892b0889161f8c5a197f
    git: https://gitlab.com/mavryk-network/morley.git
    subdir: code/morley
- completed:
    commit: 416de88696e0da147e39892b0889161f8c5a197f
    git: https://gitlab.com/mavryk-network/morley.git
    name: lorentz
    pantry-tree:
      sha256: 2864637c3f12f999e641e2cc01533342da99ede85f07e547284c94ea7e82c0be
      size: 4525
    subdir: code/lorentz
    version: 0.16.0
  original:
    commit: 416de88696e0da147e39892b0889161f8c5a197f
    git: https://gitlab.com/mavryk-network/morley.git
    subdir: code/lorentz
- completed:
    commit: 416de88696e0da147e39892b0889161f8c5a197f
    git: https://gitlab.com/mavryk-network/morley.git
    name: morley-client
    pantry-tree:
      sha256: f1ab7d9770c0c5b68f32fb133afb7807c400e7291542900f49774aec3986dc93
      size: 4730
    subdir: code/morley-client
    version: 0.4.0
  original:
    commit: 416de88696e0da147e39892b0889161f8c5a197f
    git: https://gitlab.com/mavryk-network/morley.git
    subdir: code/morley-client
- completed:
    commit: 416de88696e0da147e39892b0889161f8c5a197f
    git: https://gitlab.com/mavryk-network/morley.git
    name: cleveland
    pantry-tree:
      sha256: 42ad9e0eb8a259c3aa5fb2718c6f6078a08deeabe0f458a474584b6de456eaac
      size: 11940
    subdir: code/cleveland
    version: 0.4.0
  original:
    commit: 416de88696e0da147e39892b0889161f8c5a197f
    git: https://gitlab.com/mavryk-network/morley.git
    subdir: code/cleveland
- completed:
    commit: c5d61837eb358989b581ed82b1e79158c4823b1b
    git: https://github.com/int-index/caps.git
    name: caps
    pantry-tree:
      sha256: 3a80cb98282b5cc87b8c9907bfdf4d7185818e89901dc9b17d53caecbf21e607
      size: 374
    version: '0'
  original:
    commit: c5d61837eb358989b581ed82b1e79158c4823b1b
    git: https://github.com/int-index/caps.git
- completed:
    hackage: cryptonite-0.30@sha256:12c85dea7be63e5ad90bcb487eb3846bf3c413347f94336fa1dede7b28f9936a,18301
    pantry-tree:
      sha256: df1cbe4cc40d569cc75ffed40bc5deac43cb085653980b42b9b6a5d4b745a30a
      size: 23323
  original:
    hackage: cryptonite-0.30
- completed:
    hackage: uncaught-exception-0.1.0@sha256:a03f8c2a1a8b2fc40ca9477599f2d8bcf46ce06465ab42c121b4d2481effc21e,2046
    pantry-tree:
      sha256: 401f9ba4729db9533ecb554a698d8c87bec4ea5382e3de335acf4d1d67c4362d
      size: 343
  original:
    hackage: uncaught-exception-0.1.0
- completed:
    hackage: tasty-hunit-compat-0.2.0.1@sha256:6ef80ddbe71aa24c7215ff4ca07f5b50a3665cdebe55fb93e95190032cd3a5a1,1233
    pantry-tree:
      sha256: e4e91a08694f4851fb8f7f6b279a2cd26d5d7aaf2a69c6268892ffeba1abe0de
      size: 281
  original:
    hackage: tasty-hunit-compat-0.2.0.1
- completed:
    commit: cf86cf1f6b03f478a439703b050c520a9d455353
    git: https://github.com/serokell/pairing.git
    name: pairing
    pantry-tree:
      sha256: cc187e182595c780607ec09e1f01e7d85fbb901c2e04d8c6331e65851aa878c7
      size: 8733
    version: 1.1.0
  original:
    commit: cf86cf1f6b03f478a439703b050c520a9d455353
    git: https://github.com/serokell/pairing.git
- completed:
    hackage: base16-bytestring-1.0.2.0@sha256:a694e88f9ec9fc79f0b03f233d3fea592b68f70a34aac2ddb5bcaecb6562e2fd,2630
    pantry-tree:
      sha256: cb1cf706d7e993bb333391309017b9ad529a509f275aab191bc85206da7763f5
      size: 595
  original:
    hackage: base16-bytestring-1.0.2.0
- completed:
    commit: 0552a366b90be5c361f7394447291d8de3b9d0e2
    git: https://github.com/co-log/co-log.git
    name: co-log
    pantry-tree:
      sha256: a11b2867f3fdf4abc0245c055e0823f49508077f688a53a90f4547c41dd42368
      size: 1637
    version: 0.4.0.2
  original:
    commit: 0552a366b90be5c361f7394447291d8de3b9d0e2
    git: https://github.com/co-log/co-log.git
- completed:
    hackage: ansi-terminal-0.10.3@sha256:e2fbcef5f980dc234c7ad8e2fa433b0e8109132c9e643bc40ea5608cd5697797,3226
    pantry-tree:
      sha256: 02f05d52be3ffcf36c78876629cbab80b63420672685371aea4fd10e1c4aabb6
      size: 1461
  original:
    hackage: ansi-terminal-0.10.3@sha256:e2fbcef5f980dc234c7ad8e2fa433b0e8109132c9e643bc40ea5608cd5697797,3226
- completed:
    hackage: fastsum-0.2.0.0@sha256:b9c5b6cc493b231a7d86a1e7c11cfbac4741c65b8ad1f66590cf1667c8dfb993,2469
    pantry-tree:
      sha256: 4b8273ff673c59f0448bbc3ecda64e0fb3e2105502b36ce7089ccee0e926319b
      size: 431
  original:
    hackage: fastsum-0.2.0.0
- completed:
    hackage: stm-containers-1.2@sha256:a887f2e7692b7cf20e0b081e2d66e21076e2bd4b57016ec59c484edfa2d29397,3244
    pantry-tree:
      sha256: 20b1076bdb121347ccc512a67df697eed34815a8e35279b6b9a0951963b1eba2
      size: 761
  original:
    hackage: stm-containers-1.2
- completed:
    hackage: stm-hamt-1.2.0.7@sha256:e8ecba11580ae2ea839cc3b7a25adcce40810aa472b544728790d28804c912ee,3972
    pantry-tree:
      sha256: 2de07a746d44aebcff4b7b644373ae4aa5a505457b684ca02ae5a74605991d6b
      size: 1009
  original:
    hackage: stm-hamt-1.2.0.7
- completed:
    commit: f65dc29eef93a7260cfbb7db812f0bd265db16fd
    git: https://github.com/serokell/duplo.git
    name: duplo
    pantry-tree:
      sha256: 4e3f210989108cb1b4a16f43e95b1f613bbf7d04ce207937eadbe41a1262e4e1
      size: 440
    version: 0.0.0
  original:
    commit: f65dc29eef93a7260cfbb7db812f0bd265db16fd
    git: https://github.com/serokell/duplo.git
- completed:
    hackage: crypto-sodium-0.0.5.0@sha256:05a6cc03c407d62a999bace5fef6ed925395cb11265675052e8f39ce6f95a6ef,5590
    pantry-tree:
      sha256: 77f2cd6cf5b768790ee3c099ca2711a1491e08cc01e959ff7b6fc6771af572d1
      size: 2047
  original:
    hackage: crypto-sodium-0.0.5.0
- completed:
    hackage: NaCl-0.0.5.0@sha256:626d6e41ab736143f7ef7c5ccc9a2c7c85d166e3bdc466734404facf089fc79d,4579
    pantry-tree:
      sha256: f4ab97e315f3b3600b10287c1ac737e7d7e9b6f9cfa89d0178f6b57fd82eeb18
      size: 1659
  original:
    hackage: NaCl-0.0.5.0
- completed:
    hackage: libsodium-1.0.18.3@sha256:b3cb12d2b37dabbd4870f76a58da17c7b0e5f5e3db6b3a158fefec2836c86b0f,1555
    pantry-tree:
      sha256: 9bee713855d307c1fb701c747df3f6404e56898d39a6a9f301c6549426add266
      size: 493
  original:
    hackage: libsodium-1.0.18.3
- completed:
    commit: 5e158057b167275d2150454e2bb731cfe686ea7a
    git: https://github.com/serokell/nyan-interpolation.git
    name: nyan-interpolation-core
    pantry-tree:
      sha256: 59d1c732629b06d0035229dccce484d6b4c3078d6bb3e493317afddc9be233df
      size: 1516
    subdir: core
    version: '0.9'
  original:
    commit: 5e158057b167275d2150454e2bb731cfe686ea7a
    git: https://github.com/serokell/nyan-interpolation.git
    subdir: core
- completed:
    commit: 5e158057b167275d2150454e2bb731cfe686ea7a
    git: https://github.com/serokell/nyan-interpolation.git
    name: nyan-interpolation
    pantry-tree:
      sha256: ede424e6010640f31a223865f2136570ca1870b5ae5ffeeebfc499c4f7043482
      size: 714
    subdir: full
    version: '0.9'
  original:
    commit: 5e158057b167275d2150454e2bb731cfe686ea7a
    git: https://github.com/serokell/nyan-interpolation.git
    subdir: full
- completed:
    commit: b3ef4c9c0f1c95e5266698dc93246cf551779675
    git: https://github.com/serokell/galois-field.git
    name: galois-field
    pantry-tree:
      sha256: d3a632b82d713765ac23663bdec30afc364ba6dde719d86e478b0b8557a24166
      size: 4773
    version: 1.0.4
  original:
    commit: b3ef4c9c0f1c95e5266698dc93246cf551779675
    git: https://github.com/serokell/galois-field.git
- completed:
    commit: 80c94254ec0ca3ee15717b30f1930c00561d057a
    git: https://github.com/serokell/elliptic-curve.git
    name: elliptic-curve
    pantry-tree:
      sha256: bf65912b1b315d5fad97b00ed3759a14d00367069d7eb994fd9faa6b88627073
      size: 12093
    version: 0.3.1
  original:
    commit: 80c94254ec0ca3ee15717b30f1930c00561d057a
    git: https://github.com/serokell/elliptic-curve.git
- completed:
    hackage: prometheus-2.3.0@sha256:44aa3c100dee9456ddfd4fdf4a181d89bf6c12537ae9ec769bd474497ca3fedd,4792
    pantry-tree:
      sha256: 7f8ca83bff25fb3aabe89a2289e4a975887594e9a76a2a83e673f86c0f9a3dfd
      size: 1559
  original:
    hackage: prometheus-2.3.0
- completed:
    hackage: protolude-0.3.4@sha256:6787ea63ec2e8172f3d011e7f913cf831d9fdc44de233d479b2d5af06a69d559,2253
    pantry-tree:
      sha256: 925db853f3352b14e0fe8f0688e06338c40e3dce814a06d69d54aa295fc6da8e
      size: 1594
  original:
    hackage: protolude-0.3.4
- completed:
    hackage: poly-0.4.0.0@sha256:75c243113712745dab5d2f4a52643705e146473770af212f9e0ce3d87a83f2ed,2123
    pantry-tree:
      sha256: 06f435980848905d2bcf23b85782863b1608f7a78dbdaea42e33a2e865adf476
      size: 1896
  original:
    hackage: poly-0.4.0.0
- completed:
    hackage: chronos-1.1.4@sha256:c51e9c5afce7bb26c01aba10e42f5a29ccafa4a8d6fd9264d68f16419e05ac47,3811
    pantry-tree:
      sha256: acb417125d8a63a7ddc12a2cac425f8d1d6741fc76b40c0de6bb8d226f731727
      size: 581
  original:
    hackage: chronos-1.1.4
- completed:
    hackage: co-log-core-0.3.1.0@sha256:9794bdedd1391decd0e22bdfe2b11abcb42e6cff7a4531e1f8882890828f4e63,3816
    pantry-tree:
      sha256: d4cc089c40c5052ee02f91eafa567e0a239908aabc561dfa6080ba3bfc8c25bd
      size: 584
  original:
    hackage: co-log-core-0.3.1.0
- completed:
    hackage: typerep-map-0.5.0.0@sha256:34f1ba9b268a6d52e26ae460011a5571e8099b50a3f4a7c8db25dd8efe3be8ee,4667
    pantry-tree:
      sha256: ca5565de307d260dc67f6dae0d4d33eee42a3238183461569b5142ceb909c91d
      size: 1487
  original:
    hackage: typerep-map-0.5.0.0
- completed:
    hackage: bytebuild-0.3.10.0@sha256:c0f3bdbb92cfb48193756366c50193cde23aa7f8292994a9e3a744f5307c6fc1,3213
    pantry-tree:
      sha256: 00da63e842faa2758fa08e1554f30f7cf69b4b1fc4ce84ebedff64542f1fd00f
      size: 1135
  original:
    hackage: bytebuild-0.3.10.0
- completed:
    hackage: byteslice-0.2.7.0@sha256:c8fb65f507badda00bbb260433a9ccc439a5f694eedeaeed750b531a3b38a6bc,2514
    pantry-tree:
      sha256: cacdc01255a549372ad8a58bfba4d559ce1e740d5228b3c60242152342184145
      size: 1546
  original:
    hackage: byteslice-0.2.7.0
- completed:
    hackage: bytesmith-0.3.8.0@sha256:c17c0eb6702dfa209b2e5e7496d72f770d0b5dc2adf30da62f611966ebbb69f5,1863
    pantry-tree:
      sha256: a8714bdfd649a717a1fdfa8f0e64c1e1d6f87893b36cdfa605491129e0c1cf04
      size: 1185
  original:
    hackage: bytesmith-0.3.8.0
- completed:
    hackage: run-st-0.1.1.0@sha256:a1d0b946fe13ce2dab9efc0e79fab4ed8674363566dd2894501a1194f6279595,927
    pantry-tree:
      sha256: b60bed7032d1cacbb53d86759fe7fbd0811bfe249f7a53a2ef51d61fec7ba8a5
      size: 269
  original:
    hackage: run-st-0.1.1.0
- completed:
    hackage: zigzag-0.0.1.0@sha256:ac2f78aa02457ac12d17621c692d29ad30bae205b5be858fbf0e400ac9a9c412,1133
    pantry-tree:
      sha256: 4d37af24d7d68ca428cc9e8c9e909c3c57417a244b59cffcc54f4004405b7d4e
      size: 321
  original:
    hackage: zigzag-0.0.1.0
- completed:
    hackage: contiguous-0.6.1.1@sha256:10922abbdf6c61cb4a9e493609871c4fd0c47dcde17dba3a6b6c420ef76fc212,1871
    pantry-tree:
      sha256: e17834983b11be7cf05fca6a139987bf970634bf8bcf31621cf09d92aaecdd85
      size: 600
  original:
    hackage: contiguous-0.6.1.1
- completed:
    hackage: msgpack-types-0.3.2@sha256:32d4682a9ef3f454a336183ef918f266c25caf50a2d645e9ccae435d95afab62,2175
    pantry-tree:
      sha256: b2243826182182f0e50bab640fafd731e637374632c60e0a23408ed80d19a01c
      size: 1061
  original:
    hackage: msgpack-types-0.3.2
- completed:
    hackage: monad-validate-1.2.0.1@sha256:aae236e5531ff9467db1d1a6928adce93611d304b422f8c86d15ee2e14448291,2717
    pantry-tree:
      sha256: 07b0a935846f573bf4ca1bb3f2665b657094b2a0997f3c9227f4c0fc53428140
      size: 611
  original:
    hackage: monad-validate-1.2.0.1
- completed:
    hackage: msgpack-binary-0.0.16@sha256:ff25964e5d340731a213afc70d65d8dd799513ab50035fb755752391659ff912,2707
    pantry-tree:
      sha256: 44b3b407651ddfcc73530c77600d685cff80c949c0c72cab3972e82abd29088b
      size: 819
  original:
    hackage: msgpack-binary-0.0.16
- completed:
    hackage: msgpack-arbitrary-0.1.3@sha256:1699fdb03a96b2d98603a69554a11060307f9b88dd6ca18afce4786d46a45070,1781
    pantry-tree:
      sha256: 8cfe25b09657574c880693c56aa3d7f0981471b781162829d7c50469473b8dbc
      size: 598
  original:
    hackage: msgpack-arbitrary-0.1.3
- completed:
    hackage: msgpack-testsuite-0.1.0@sha256:c7c6f36bad6eabb35abca98d48d6d2667e26e5ec8b5a4ba4228d0e2928903157,1719
    pantry-tree:
      sha256: 6b81e429de9e0f8d76660c75f8d80bf75e1d083ee8c9b103aa135000bc323dc6
      size: 436
  original:
    hackage: msgpack-testsuite-0.1.0
snapshots:
- completed:
    sha256: caa77fdbc5b9f698262b21ee78030133272ec53116ad6ddbefdc4c321f668e0c
    size: 640014
    url: https://raw.githubusercontent.com/commercialhaskell/stackage-snapshots/master/lts/21/4.yaml
  original: lts-21.4
